
Microsoft Visual Studio Solution File, Format Version 12.00
# Visual Studio Version 17
VisualStudioVersion = 17.0.31903.59
MinimumVisualStudioVersion = 10.0.40219.1
Project("{2150E333-8FDC-42A3-9474-1A3956D46DE8}") = "src", "src", "{827E0CD3-B72D-47B6-A68D-7590B98EB39B}"
EndProject
Project("{2150E333-8FDC-42A3-9474-1A3956D46DE8}") = "tests", "tests", "{7D2EF0B9-AB1D-408F-B61F-09858F0C9435}"
EndProject
Project("{FAE04EC0-301F-11D3-BF4B-00C04F79EFBC}") = "FDS.Core", "src\FDS.Core\FDS.Core.csproj", "{E313CEFF-63CA-4335-877F-6DCAFA897402}"
EndProject
Project("{FAE04EC0-301F-11D3-BF4B-00C04F79EFBC}") = "FDS.Core.Tests", "tests\FDS.Core.Tests\FDS.Core.Tests.csproj", "{B26438BD-4707-49CE-8810-C7721CAACA01}"
EndProject
Project("{FAE04EC0-301F-11D3-BF4B-00C04F79EFBC}") = "FDS.Hydraulics", "src\FDS.Hydraulics\FDS.Hydraulics.csproj", "{1915FA59-D231-4D80-82C1-6487B79C8D4D}"
EndProject
Project("{FAE04EC0-301F-11D3-BF4B-00C04F79EFBC}") = "FDS.Hydraulics.Tests", "tests\FDS.Hydraulics.Tests\FDS.Hydraulics.Tests.csproj", "{32B15679-461D-4659-884D-A87566E03152}"
EndProject
Global
	GlobalSection(SolutionConfigurationPlatforms) = preSolution
		Debug|Any CPU = Debug|Any CPU
		Debug|x64 = Debug|x64
		Debug|x86 = Debug|x86
		Release|Any CPU = Release|Any CPU
		Release|x64 = Release|x64
		Release|x86 = Release|x86
	EndGlobalSection
	GlobalSection(ProjectConfigurationPlatforms) = postSolution
		{E313CEFF-63CA-4335-877F-6DCAFA897402}.Debug|Any CPU.ActiveCfg = Debug|Any CPU
		{E313CEFF-63CA-4335-877F-6DCAFA897402}.Debug|Any CPU.Build.0 = Debug|Any CPU
		{E313CEFF-63CA-4335-877F-6DCAFA897402}.Debug|x64.ActiveCfg = Debug|Any CPU
		{E313CEFF-63CA-4335-877F-6DCAFA897402}.Debug|x64.Build.0 = Debug|Any CPU
		{E313CEFF-63CA-4335-877F-6DCAFA897402}.Debug|x86.ActiveCfg = Debug|Any CPU
		{E313CEFF-63CA-4335-877F-6DCAFA897402}.Debug|x86.Build.0 = Debug|Any CPU
		{E313CEFF-63CA-4335-877F-6DCAFA897402}.Release|Any CPU.ActiveCfg = Release|Any CPU
		{E313CEFF-63CA-4335-877F-6DCAFA897402}.Release|Any CPU.Build.0 = Release|Any CPU
		{E313CEFF-63CA-4335-877F-6DCAFA897402}.Release|x64.ActiveCfg = Release|Any CPU
		{E313CEFF-63CA-4335-877F-6DCAFA897402}.Release|x64.Build.0 = Release|Any CPU
		{E313CEFF-63CA-4335-877F-6DCAFA897402}.Release|x86.ActiveCfg = Release|Any CPU
		{E313CEFF-63CA-4335-877F-6DCAFA897402}.Release|x86.Build.0 = Release|Any CPU
		{B26438BD-4707-49CE-8810-C7721CAACA01}.Debug|Any CPU.ActiveCfg = Debug|Any CPU
		{B26438BD-4707-49CE-8810-C7721CAACA01}.Debug|Any CPU.Build.0 = Debug|Any CPU
		{B26438BD-4707-49CE-8810-C7721CAACA01}.Debug|x64.ActiveCfg = Debug|Any CPU
		{B26438BD-4707-49CE-8810-C7721CAACA01}.Debug|x64.Build.0 = Debug|Any CPU
		{B26438BD-4707-49CE-8810-C7721CAACA01}.Debug|x86.ActiveCfg = Debug|Any CPU
		{B26438BD-4707-49CE-8810-C7721CAACA01}.Debug|x86.Build.0 = Debug|Any CPU
		{B26438BD-4707-49CE-8810-C7721CAACA01}.Release|Any CPU.ActiveCfg = Release|Any CPU
		{B26438BD-4707-49CE-8810-C7721CAACA01}.Release|Any CPU.Build.0 = Release|Any CPU
		{B26438BD-4707-49CE-8810-C7721CAACA01}.Release|x64.ActiveCfg = Release|Any CPU
		{B26438BD-4707-49CE-8810-C7721CAACA01}.Release|x64.Build.0 = Release|Any CPU
		{B26438BD-4707-49CE-8810-C7721CAACA01}.Release|x86.ActiveCfg = Release|Any CPU
		{B26438BD-4707-49CE-8810-C7721CAACA01}.Release|x86.Build.0 = Release|Any CPU
		{1915FA59-D231-4D80-82C1-6487B79C8D4D}.Debug|Any CPU.ActiveCfg = Debug|Any CPU
		{1915FA59-D231-4D80-82C1-6487B79C8D4D}.Debug|Any CPU.Build.0 = Debug|Any CPU
		{1915FA59-D231-4D80-82C1-6487B79C8D4D}.Debug|x64.ActiveCfg = Debug|Any CPU
		{1915FA59-D231-4D80-82C1-6487B79C8D4D}.Debug|x64.Build.0 = Debug|Any CPU
		{1915FA59-D231-4D80-82C1-6487B79C8D4D}.Debug|x86.ActiveCfg = Debug|Any CPU
		{1915FA59-D231-4D80-82C1-6487B79C8D4D}.Debug|x86.Build.0 = Debug|Any CPU
		{1915FA59-D231-4D80-82C1-6487B79C8D4D}.Release|Any CPU.ActiveCfg = Release|Any CPU
		{1915FA59-D231-4D80-82C1-6487B79C8D4D}.Release|Any CPU.Build.0 = Release|Any CPU
		{1915FA59-D231-4D80-82C1-6487B79C8D4D}.Release|x64.ActiveCfg = Release|Any CPU
		{1915FA59-D231-4D80-82C1-6487B79C8D4D}.Release|x64.Build.0 = Release|Any CPU
		{1915FA59-D231-4D80-82C1-6487B79C8D4D}.Release|x86.ActiveCfg = Release|Any CPU
		{1915FA59-D231-4D80-82C1-6487B79C8D4D}.Release|x86.Build.0 = Release|Any CPU
		{32B15679-461D-4659-884D-A87566E03152}.Debug|Any CPU.ActiveCfg = Debug|Any CPU
		{32B15679-461D-4659-884D-A87566E03152}.Debug|Any CPU.Build.0 = Debug|Any CPU
		{32B15679-461D-4659-884D-A87566E03152}.Debug|x64.ActiveCfg = Debug|Any CPU
		{32B15679-461D-4659-884D-A87566E03152}.Debug|x64.Build.0 = Debug|Any CPU
		{32B15679-461D-4659-884D-A87566E03152}.Debug|x86.ActiveCfg = Debug|Any CPU
		{32B15679-461D-4659-884D-A87566E03152}.Debug|x86.Build.0 = Debug|Any CPU
		{32B15679-461D-4659-884D-A87566E03152}.Release|Any CPU.ActiveCfg = Release|Any CPU
		{32B15679-461D-4659-884D-A87566E03152}.Release|Any CPU.Build.0 = Release|Any CPU
		{32B15679-461D-4659-884D-A87566E03152}.Release|x64.ActiveCfg = Release|Any CPU
		{32B15679-461D-4659-884D-A87566E03152}.Release|x64.Build.0 = Release|Any CPU
		{32B15679-461D-4659-884D-A87566E03152}.Release|x86.ActiveCfg = Release|Any CPU
		{32B15679-461D-4659-884D-A87566E03152}.Release|x86.Build.0 = Release|Any CPU
	EndGlobalSection
	GlobalSection(SolutionProperties) = preSolution
		HideSolutionNode = FALSE
	EndGlobalSection
	GlobalSection(NestedProjects) = preSolution
		{E313CEFF-63CA-4335-877F-6DCAFA897402} = {827E0CD3-B72D-47B6-A68D-7590B98EB39B}
		{B26438BD-4707-49CE-8810-C7721CAACA01} = {7D2EF0B9-AB1D-408F-B61F-09858F0C9435}
		{1915FA59-D231-4D80-82C1-6487B79C8D4D} = {827E0CD3-B72D-47B6-A68D-7590B98EB39B}
		{32B15679-461D-4659-884D-A87566E03152} = {7D2EF0B9-AB1D-408F-B61F-09858F0C9435}
	EndGlobalSection
EndGlobal
